// !$*UTF8*$!
{
	archiveVersion = 1;
	classes = {
	};
	objectVersion = 55;
	objects = {

/* Begin PBXBuildFile section */
		FAE79DC72A03D7CF001055D4 /* AlmaMapApp.swift in Sources */ = {isa = PBXBuildFile; fileRef = FAE79DC62A03D7CF001055D4 /* AlmaMapApp.swift */; };
		FAE79DC92A03D7CF001055D4 /* ContentView.swift in Sources */ = {isa = PBXBuildFile; fileRef = FAE79DC82A03D7CF001055D4 /* ContentView.swift */; };
		FAE79DCB2A03D7D2001055D4 /* Assets.xcassets in Resources */ = {isa = PBXBuildFile; fileRef = FAE79DCA2A03D7D2001055D4 /* Assets.xcassets */; };
		FAE79DCE2A03D7D2001055D4 /* Preview Assets.xcassets in Resources */ = {isa = PBXBuildFile; fileRef = FAE79DCD2A03D7D2001055D4 /* Preview Assets.xcassets */; };
		FAE79DD02A03D7D2001055D4 /* Persistence.swift in Sources */ = {isa = PBXBuildFile; fileRef = FAE79DCF2A03D7D2001055D4 /* Persistence.swift */; };
		FAE79DD32A03D7D2001055D4 /* AlmaMap.xcdatamodeld in Sources */ = {isa = PBXBuildFile; fileRef = FAE79DD12A03D7D2001055D4 /* AlmaMap.xcdatamodeld */; };
		FAE79DDA2A03D886001055D4 /* HomePageView.swift in Sources */ = {isa = PBXBuildFile; fileRef = FAE79DD92A03D886001055D4 /* HomePageView.swift */; };
		FAE79DDD2A03D936001055D4 /* MapView.swift in Sources */ = {isa = PBXBuildFile; fileRef = FAE79DDC2A03D936001055D4 /* MapView.swift */; };
/* End PBXBuildFile section */

/* Begin PBXFileReference section */
		FAE79DC32A03D7CF001055D4 /* AlmaMap.app */ = {isa = PBXFileReference; explicitFileType = wrapper.application; includeInIndex = 0; path = AlmaMap.app; sourceTree = BUILT_PRODUCTS_DIR; };
		FAE79DC62A03D7CF001055D4 /* AlmaMapApp.swift */ = {isa = PBXFileReference; lastKnownFileType = sourcecode.swift; path = AlmaMapApp.swift; sourceTree = "<group>"; };
		FAE79DC82A03D7CF001055D4 /* ContentView.swift */ = {isa = PBXFileReference; lastKnownFileType = sourcecode.swift; path = ContentView.swift; sourceTree = "<group>"; };
		FAE79DCA2A03D7D2001055D4 /* Assets.xcassets */ = {isa = PBXFileReference; lastKnownFileType = folder.assetcatalog; path = Assets.xcassets; sourceTree = "<group>"; };
		FAE79DCD2A03D7D2001055D4 /* Preview Assets.xcassets */ = {isa = PBXFileReference; lastKnownFileType = folder.assetcatalog; path = "Preview Assets.xcassets"; sourceTree = "<group>"; };
		FAE79DCF2A03D7D2001055D4 /* Persistence.swift */ = {isa = PBXFileReference; lastKnownFileType = sourcecode.swift; path = Persistence.swift; sourceTree = "<group>"; };
		FAE79DD22A03D7D2001055D4 /* AlmaMap.xcdatamodel */ = {isa = PBXFileReference; lastKnownFileType = wrapper.xcdatamodel; path = AlmaMap.xcdatamodel; sourceTree = "<group>"; };
		FAE79DD92A03D886001055D4 /* HomePageView.swift */ = {isa = PBXFileReference; lastKnownFileType = sourcecode.swift; path = HomePageView.swift; sourceTree = "<group>"; };
		FAE79DDC2A03D936001055D4 /* MapView.swift */ = {isa = PBXFileReference; lastKnownFileType = sourcecode.swift; path = MapView.swift; sourceTree = "<group>"; };
/* End PBXFileReference section */

/* Begin PBXFrameworksBuildPhase section */
		FAE79DC02A03D7CF001055D4 /* Frameworks */ = {
			isa = PBXFrameworksBuildPhase;
			buildActionMask = 2147483647;
			files = (
			);
			runOnlyForDeploymentPostprocessing = 0;
		};
/* End PBXFrameworksBuildPhase section */

/* Begin PBXGroup section */
		FAE79DBA2A03D7CF001055D4 = {
			isa = PBXGroup;
			children = (
				FAE79DC52A03D7CF001055D4 /* AlmaMap */,
				FAE79DC42A03D7CF001055D4 /* Products */,
			);
			sourceTree = "<group>";
		};
		FAE79DC42A03D7CF001055D4 /* Products */ = {
			isa = PBXGroup;
			children = (
				FAE79DC32A03D7CF001055D4 /* AlmaMap.app */,
			);
			name = Products;
			sourceTree = "<group>";
		};
		FAE79DC52A03D7CF001055D4 /* AlmaMap */ = {
			isa = PBXGroup;
			children = (
				FAE79DDB2A03D8DD001055D4 /* Views */,
				FAE79DC62A03D7CF001055D4 /* AlmaMapApp.swift */,
				FAE79DC82A03D7CF001055D4 /* ContentView.swift */,
				FAE79DCA2A03D7D2001055D4 /* Assets.xcassets */,
				FAE79DCF2A03D7D2001055D4 /* Persistence.swift */,
				FAE79DD12A03D7D2001055D4 /* AlmaMap.xcdatamodeld */,
				FAE79DCC2A03D7D2001055D4 /* Preview Content */,
			);
			path = AlmaMap;
			sourceTree = "<group>";
		};
		FAE79DCC2A03D7D2001055D4 /* Preview Content */ = {
			isa = PBXGroup;
			children = (
				FAE79DCD2A03D7D2001055D4 /* Preview Assets.xcassets */,
			);
			path = "Preview Content";
			sourceTree = "<group>";
		};
		FAE79DDB2A03D8DD001055D4 /* Views */ = {
			isa = PBXGroup;
			children = (
				FAE79DD92A03D886001055D4 /* HomePageView.swift */,
				FAE79DDC2A03D936001055D4 /* MapView.swift */,
			);
			path = Views;
			sourceTree = "<group>";
		};
/* End PBXGroup section */

/* Begin PBXNativeTarget section */
		FAE79DC22A03D7CF001055D4 /* AlmaMap */ = {
			isa = PBXNativeTarget;
			buildConfigurationList = FAE79DD62A03D7D2001055D4 /* Build configuration list for PBXNativeTarget "AlmaMap" */;
			buildPhases = (
				FAE79DBF2A03D7CF001055D4 /* Sources */,
				FAE79DC02A03D7CF001055D4 /* Frameworks */,
				FAE79DC12A03D7CF001055D4 /* Resources */,
			);
			buildRules = (
			);
			dependencies = (
			);
			name = AlmaMap;
			productName = AlmaMap;
			productReference = FAE79DC32A03D7CF001055D4 /* AlmaMap.app */;
			productType = "com.apple.product-type.application";
		};
/* End PBXNativeTarget section */

/* Begin PBXProject section */
		FAE79DBB2A03D7CF001055D4 /* Project object */ = {
			isa = PBXProject;
			attributes = {
				BuildIndependentTargetsInParallel = 1;
				LastSwiftUpdateCheck = 1320;
				LastUpgradeCheck = 1320;
				TargetAttributes = {
					FAE79DC22A03D7CF001055D4 = {
						CreatedOnToolsVersion = 13.2.1;
					};
				};
			};
			buildConfigurationList = FAE79DBE2A03D7CF001055D4 /* Build configuration list for PBXProject "AlmaMap" */;
			compatibilityVersion = "Xcode 13.0";
			developmentRegion = en;
			hasScannedForEncodings = 0;
			knownRegions = (
				en,
				Base,
			);
			mainGroup = FAE79DBA2A03D7CF001055D4;
			productRefGroup = FAE79DC42A03D7CF001055D4 /* Products */;
			projectDirPath = "";
			projectRoot = "";
			targets = (
				FAE79DC22A03D7CF001055D4 /* AlmaMap */,
			);
		};
/* End PBXProject section */

/* Begin PBXResourcesBuildPhase section */
		FAE79DC12A03D7CF001055D4 /* Resources */ = {
			isa = PBXResourcesBuildPhase;
			buildActionMask = 2147483647;
			files = (
				FAE79DCE2A03D7D2001055D4 /* Preview Assets.xcassets in Resources */,
				FAE79DCB2A03D7D2001055D4 /* Assets.xcassets in Resources */,
			);
			runOnlyForDeploymentPostprocessing = 0;
		};
/* End PBXResourcesBuildPhase section */

/* Begin PBXSourcesBuildPhase section */
		FAE79DBF2A03D7CF001055D4 /* Sources */ = {
			isa = PBXSourcesBuildPhase;
			buildActionMask = 2147483647;
			files = (
				FAE79DD02A03D7D2001055D4 /* Persistence.swift in Sources */,
				FAE79DDD2A03D936001055D4 /* MapView.swift in Sources */,
				FAE79DD32A03D7D2001055D4 /* AlmaMap.xcdatamodeld in Sources */,
				FAE79DC92A03D7CF001055D4 /* ContentView.swift in Sources */,
				FAE79DC72A03D7CF001055D4 /* AlmaMapApp.swift in Sources */,
				FAE79DDA2A03D886001055D4 /* HomePageView.swift in Sources */,
			);
			runOnlyForDeploymentPostprocessing = 0;
		};
/* End PBXSourcesBuildPhase section */

/* Begin XCBuildConfiguration section */
		FAE79DD42A03D7D2001055D4 /* Debug */ = {
			isa = XCBuildConfiguration;
			buildSettings = {
				ALWAYS_SEARCH_USER_PATHS = NO;
				CLANG_ANALYZER_NONNULL = YES;
				CLANG_ANALYZER_NUMBER_OBJECT_CONVERSION = YES_AGGRESSIVE;
				CLANG_CXX_LANGUAGE_STANDARD = "gnu++17";
				CLANG_CXX_LIBRARY = "libc++";
				CLANG_ENABLE_MODULES = YES;
				CLANG_ENABLE_OBJC_ARC = YES;
				CLANG_ENABLE_OBJC_WEAK = YES;
				CLANG_WARN_BLOCK_CAPTURE_AUTORELEASING = YES;
				CLANG_WARN_BOOL_CONVERSION = YES;
				CLANG_WARN_COMMA = YES;
				CLANG_WARN_CONSTANT_CONVERSION = YES;
				CLANG_WARN_DEPRECATED_OBJC_IMPLEMENTATIONS = YES;
				CLANG_WARN_DIRECT_OBJC_ISA_USAGE = YES_ERROR;
				CLANG_WARN_DOCUMENTATION_COMMENTS = YES;
				CLANG_WARN_EMPTY_BODY = YES;
				CLANG_WARN_ENUM_CONVERSION = YES;
				CLANG_WARN_INFINITE_RECURSION = YES;
				CLANG_WARN_INT_CONVERSION = YES;
				CLANG_WARN_NON_LITERAL_NULL_CONVERSION = YES;
				CLANG_WARN_OBJC_IMPLICIT_RETAIN_SELF = YES;
				CLANG_WARN_OBJC_LITERAL_CONVERSION = YES;
				CLANG_WARN_OBJC_ROOT_CLASS = YES_ERROR;
				CLANG_WARN_QUOTED_INCLUDE_IN_FRAMEWORK_HEADER = YES;
				CLANG_WARN_RANGE_LOOP_ANALYSIS = YES;
				CLANG_WARN_STRICT_PROTOTYPES = YES;
				CLANG_WARN_SUSPICIOUS_MOVE = YES;
				CLANG_WARN_UNGUARDED_AVAILABILITY = YES_AGGRESSIVE;
				CLANG_WARN_UNREACHABLE_CODE = YES;
				CLANG_WARN__DUPLICATE_METHOD_MATCH = YES;
				COPY_PHASE_STRIP = NO;
				DEBUG_INFORMATION_FORMAT = dwarf;
				ENABLE_STRICT_OBJC_MSGSEND = YES;
				ENABLE_TESTABILITY = YES;
				GCC_C_LANGUAGE_STANDARD = gnu11;
				GCC_DYNAMIC_NO_PIC = NO;
				GCC_NO_COMMON_BLOCKS = YES;
				GCC_OPTIMIZATION_LEVEL = 0;
				GCC_PREPROCESSOR_DEFINITIONS = (
					"DEBUG=1",
					"$(inherited)",
				);
				GCC_WARN_64_TO_32_BIT_CONVERSION = YES;
				GCC_WARN_ABOUT_RETURN_TYPE = YES_ERROR;
				GCC_WARN_UNDECLARED_SELECTOR = YES;
				GCC_WARN_UNINITIALIZED_AUTOS = YES_AGGRESSIVE;
				GCC_WARN_UNUSED_FUNCTION = YES;
				GCC_WARN_UNUSED_VARIABLE = YES;
				IPHONEOS_DEPLOYMENT_TARGET = 15.2;
				MTL_ENABLE_DEBUG_INFO = INCLUDE_SOURCE;
				MTL_FAST_MATH = YES;
				ONLY_ACTIVE_ARCH = YES;
				SDKROOT = iphoneos;
				SWIFT_ACTIVE_COMPILATION_CONDITIONS = DEBUG;
				SWIFT_OPTIMIZATION_LEVEL = "-Onone";
			};
			name = Debug;
		};
		FAE79DD52A03D7D2001055D4 /* Release */ = {
			isa = XCBuildConfiguration;
			buildSettings = {
				ALWAYS_SEARCH_USER_PATHS = NO;
				CLANG_ANALYZER_NONNULL = YES;
				CLANG_ANALYZER_NUMBER_OBJECT_CONVERSION = YES_AGGRESSIVE;
				CLANG_CXX_LANGUAGE_STANDARD = "gnu++17";
				CLANG_CXX_LIBRARY = "libc++";
				CLANG_ENABLE_MODULES = YES;
				CLANG_ENABLE_OBJC_ARC = YES;
				CLANG_ENABLE_OBJC_WEAK = YES;
				CLANG_WARN_BLOCK_CAPTURE_AUTORELEASING = YES;
				CLANG_WARN_BOOL_CONVERSION = YES;
				CLANG_WARN_COMMA = YES;
				CLANG_WARN_CONSTANT_CONVERSION = YES;
				CLANG_WARN_DEPRECATED_OBJC_IMPLEMENTATIONS = YES;
				CLANG_WARN_DIRECT_OBJC_ISA_USAGE = YES_ERROR;
				CLANG_WARN_DOCUMENTATION_COMMENTS = YES;
				CLANG_WARN_EMPTY_BODY = YES;
				CLANG_WARN_ENUM_CONVERSION = YES;
				CLANG_WARN_INFINITE_RECURSION = YES;
				CLANG_WARN_INT_CONVERSION = YES;
				CLANG_WARN_NON_LITERAL_NULL_CONVERSION = YES;
				CLANG_WARN_OBJC_IMPLICIT_RETAIN_SELF = YES;
				CLANG_WARN_OBJC_LITERAL_CONVERSION = YES;
				CLANG_WARN_OBJC_ROOT_CLASS = YES_ERROR;
				CLANG_WARN_QUOTED_INCLUDE_IN_FRAMEWORK_HEADER = YES;
				CLANG_WARN_RANGE_LOOP_ANALYSIS = YES;
				CLANG_WARN_STRICT_PROTOTYPES = YES;
				CLANG_WARN_SUSPICIOUS_MOVE = YES;
				CLANG_WARN_UNGUARDED_AVAILABILITY = YES_AGGRESSIVE;
				CLANG_WARN_UNREACHABLE_CODE = YES;
				CLANG_WARN__DUPLICATE_METHOD_MATCH = YES;
				COPY_PHASE_STRIP = NO;
				DEBUG_INFORMATION_FORMAT = "dwarf-with-dsym";
				ENABLE_NS_ASSERTIONS = NO;
				ENABLE_STRICT_OBJC_MSGSEND = YES;
				GCC_C_LANGUAGE_STANDARD = gnu11;
				GCC_NO_COMMON_BLOCKS = YES;
				GCC_WARN_64_TO_32_BIT_CONVERSION = YES;
				GCC_WARN_ABOUT_RETURN_TYPE = YES_ERROR;
				GCC_WARN_UNDECLARED_SELECTOR = YES;
				GCC_WARN_UNINITIALIZED_AUTOS = YES_AGGRESSIVE;
				GCC_WARN_UNUSED_FUNCTION = YES;
				GCC_WARN_UNUSED_VARIABLE = YES;
				IPHONEOS_DEPLOYMENT_TARGET = 15.2;
				MTL_ENABLE_DEBUG_INFO = NO;
				MTL_FAST_MATH = YES;
				SDKROOT = iphoneos;
				SWIFT_COMPILATION_MODE = wholemodule;
				SWIFT_OPTIMIZATION_LEVEL = "-O";
				VALIDATE_PRODUCT = YES;
			};
			name = Release;
		};
		FAE79DD72A03D7D2001055D4 /* Debug */ = {
			isa = XCBuildConfiguration;
			buildSettings = {
				ASSETCATALOG_COMPILER_APPICON_NAME = AppIcon;
				ASSETCATALOG_COMPILER_GLOBAL_ACCENT_COLOR_NAME = AccentColor;
				CODE_SIGN_STYLE = Automatic;
				CURRENT_PROJECT_VERSION = 1;
				DEVELOPMENT_ASSET_PATHS = "\"AlmaMap/Preview Content\"";
				DEVELOPMENT_TEAM = 62NP44WB68;
				ENABLE_PREVIEWS = YES;
				GENERATE_INFOPLIST_FILE = YES;
				INFOPLIST_KEY_UIApplicationSceneManifest_Generation = YES;
				INFOPLIST_KEY_UIApplicationSupportsIndirectInputEvents = YES;
				INFOPLIST_KEY_UILaunchScreen_Generation = YES;
				INFOPLIST_KEY_UISupportedInterfaceOrientations_iPad = "UIInterfaceOrientationPortrait UIInterfaceOrientationPortraitUpsideDown UIInterfaceOrientationLandscapeLeft UIInterfaceOrientationLandscapeRight";
				INFOPLIST_KEY_UISupportedInterfaceOrientations_iPhone = "UIInterfaceOrientationPortrait UIInterfaceOrientationLandscapeLeft UIInterfaceOrientationLandscapeRight";
				LD_RUNPATH_SEARCH_PATHS = (
					"$(inherited)",
					"@executable_path/Frameworks",
				);
				MARKETING_VERSION = 1.0;
				PRODUCT_BUNDLE_IDENTIFIER = com.example.mobile.AlmaMap;
				PRODUCT_NAME = "$(TARGET_NAME)";
				SWIFT_EMIT_LOC_STRINGS = YES;
				SWIFT_VERSION = 5.0;
				TARGETED_DEVICE_FAMILY = "1,2";
			};
			name = Debug;
		};
		FAE79DD82A03D7D2001055D4 /* Release */ = {
			isa = XCBuildConfiguration;
			buildSettings = {
				ASSETCATALOG_COMPILER_APPICON_NAME = AppIcon;
				ASSETCATALOG_COMPILER_GLOBAL_ACCENT_COLOR_NAME = AccentColor;
				CODE_SIGN_STYLE = Automatic;
				CURRENT_PROJECT_VERSION = 1;
				DEVELOPMENT_ASSET_PATHS = "\"AlmaMap/Preview Content\"";
				DEVELOPMENT_TEAM = 62NP44WB68;
				ENABLE_PREVIEWS = YES;
				GENERATE_INFOPLIST_FILE = YES;
				INFOPLIST_KEY_UIApplicationSceneManifest_Generation = YES;
				INFOPLIST_KEY_UIApplicationSupportsIndirectInputEvents = YES;
				INFOPLIST_KEY_UILaunchScreen_Generation = YES;
				INFOPLIST_KEY_UISupportedInterfaceOrientations_iPad = "UIInterfaceOrientationPortrait UIInterfaceOrientationPortraitUpsideDown UIInterfaceOrientationLandscapeLeft UIInterfaceOrientationLandscapeRight";
				INFOPLIST_KEY_UISupportedInterfaceOrientations_iPhone = "UIInterfaceOrientationPortrait UIInterfaceOrientationLandscapeLeft UIInterfaceOrientationLandscapeRight";
				LD_RUNPATH_SEARCH_PATHS = (
					"$(inherited)",
					"@executable_path/Frameworks",
				);
				MARKETING_VERSION = 1.0;
				PRODUCT_BUNDLE_IDENTIFIER = com.example.mobile.AlmaMap;
				PRODUCT_NAME = "$(TARGET_NAME)";
				SWIFT_EMIT_LOC_STRINGS = YES;
				SWIFT_VERSION = 5.0;
				TARGETED_DEVICE_FAMILY = "1,2";
			};
			name = Release;
		};
/* End XCBuildConfiguration section */

/* Begin XCConfigurationList section */
		FAE79DBE2A03D7CF001055D4 /* Build configuration list for PBXProject "AlmaMap" */ = {
			isa = XCConfigurationList;
			buildConfigurations = (
				FAE79DD42A03D7D2001055D4 /* Debug */,
				FAE79DD52A03D7D2001055D4 /* Release */,
			);
			defaultConfigurationIsVisible = 0;
			defaultConfigurationName = Release;
		};
		FAE79DD62A03D7D2001055D4 /* Build configuration list for PBXNativeTarget "AlmaMap" */ = {
			isa = XCConfigurationList;
			buildConfigurations = (
				FAE79DD72A03D7D2001055D4 /* Debug */,
				FAE79DD82A03D7D2001055D4 /* Release */,
			);
			defaultConfigurationIsVisible = 0;
			defaultConfigurationName = Release;
		};
/* End XCConfigurationList section */

/* Begin XCVersionGroup section */
		FAE79DD12A03D7D2001055D4 /* AlmaMap.xcdatamodeld */ = {
			isa = XCVersionGroup;
			children = (
				FAE79DD22A03D7D2001055D4 /* AlmaMap.xcdatamodel */,
			);
			currentVersion = FAE79DD22A03D7D2001055D4 /* AlmaMap.xcdatamodel */;
			path = AlmaMap.xcdatamodeld;
			sourceTree = "<group>";
			versionGroupType = wrapper.xcdatamodel;
		};
/* End XCVersionGroup section */
	};
	rootObject = FAE79DBB2A03D7CF001055D4 /* Project object */;
}
